
Microsoft Visual Studio Solution File, Format Version 12.00
# Visual Studio Version 17
VisualStudioVersion = 17.4.33110.190
MinimumVisualStudioVersion = 10.0.40219.1
Project("{FAE04EC0-301F-11D3-BF4B-00C04F79EFBC}") = "WebApp", "WebApp\WebApp.csproj", "{1352B91D-57A2-46B4-8C02-EACCCC1A9BCE}"
EndProject
Global
	GlobalSection(SolutionConfigurationPlatforms) = preSolution
		Debug|Any CPU = Debug|Any CPU
		Release|Any CPU = Release|Any CPU
	EndGlobalSection
	GlobalSection(ProjectConfigurationPlatforms) = postSolution
		{1352B91D-57A2-46B4-8C02-EACCCC1A9BCE}.Debug|Any CPU.ActiveCfg = Debug|Any CPU
		{1352B91D-57A2-46B4-8C02-EACCCC1A9BCE}.Debug|Any CPU.Build.0 = Debug|Any CPU
		{1352B91D-57A2-46B4-8C02-EACCCC1A9BCE}.Release|Any CPU.ActiveCfg = Release|Any CPU
		{1352B91D-57A2-46B4-8C02-EACCCC1A9BCE}.Release|Any CPU.Build.0 = Release|Any CPU
	EndGlobalSection
	GlobalSection(SolutionProperties) = preSolution
		HideSolutionNode = FALSE
	EndGlobalSection
	GlobalSection(ExtensibilityGlobals) = postSolution
		SolutionGuid = {425D1A55-9B05-4AFF-9B36-E91A7564E0A0}
	EndGlobalSection
EndGlobal
